
Microsoft Visual Studio Solution File, Format Version 12.00
# Visual Studio 14
VisualStudioVersion = 14.0.25420.1
MinimumVisualStudioVersion = 10.0.40219.1
Project("{FAE04EC0-301F-11D3-BF4B-00C04F79EFBC}") = "HelloWorld", "HelloWorld\HelloWorld.csproj", "{FAA304BE-97EF-489F-BF45-E68E54A233BA}"
EndProject
Project("{FAE04EC0-301F-11D3-BF4B-00C04F79EFBC}") = "Smallest", "Smallest\Smallest.csproj", "{4CE6C755-AE5F-4E73-AE6E-B1C4B1DF48EA}"
EndProject
Project("{FAE04EC0-301F-11D3-BF4B-00C04F79EFBC}") = "VIT", "VIT\VIT.csproj", "{5DEE2976-0C7F-4F34-BF58-9B8FD71A57D1}"
EndProject
Project("{FAE04EC0-301F-11D3-BF4B-00C04F79EFBC}") = "Calculations", "Calculations\Calculations.csproj", "{B148B84E-E2A2-4C57-98BA-B2DD10DF4D7F}"
EndProject
Project("{FAE04EC0-301F-11D3-BF4B-00C04F79EFBC}") = "CalculationsTests", "UnitTestProject1\CalculationsTests.csproj", "{605B9065-0E5B-45E2-BA1A-F4B076D1613E}"
EndProject
Global
	GlobalSection(Performance) = preSolution
		HasPerformanceSessions = true
	EndGlobalSection
	GlobalSection(SolutionConfigurationPlatforms) = preSolution
		Debug|Any CPU = Debug|Any CPU
		Debug|ARM = Debug|ARM
		Debug|x64 = Debug|x64
		Debug|x86 = Debug|x86
		Release|Any CPU = Release|Any CPU
		Release|ARM = Release|ARM
		Release|x64 = Release|x64
		Release|x86 = Release|x86
	EndGlobalSection
	GlobalSection(ProjectConfigurationPlatforms) = postSolution
		{FAA304BE-97EF-489F-BF45-E68E54A233BA}.Debug|Any CPU.ActiveCfg = Debug|Any CPU
		{FAA304BE-97EF-489F-BF45-E68E54A233BA}.Debug|Any CPU.Build.0 = Debug|Any CPU
		{FAA304BE-97EF-489F-BF45-E68E54A233BA}.Debug|ARM.ActiveCfg = Debug|Any CPU
		{FAA304BE-97EF-489F-BF45-E68E54A233BA}.Debug|ARM.Build.0 = Debug|Any CPU
		{FAA304BE-97EF-489F-BF45-E68E54A233BA}.Debug|x64.ActiveCfg = Debug|Any CPU
		{FAA304BE-97EF-489F-BF45-E68E54A233BA}.Debug|x64.Build.0 = Debug|Any CPU
		{FAA304BE-97EF-489F-BF45-E68E54A233BA}.Debug|x86.ActiveCfg = Debug|Any CPU
		{FAA304BE-97EF-489F-BF45-E68E54A233BA}.Debug|x86.Build.0 = Debug|Any CPU
		{FAA304BE-97EF-489F-BF45-E68E54A233BA}.Release|Any CPU.ActiveCfg = Release|Any CPU
		{FAA304BE-97EF-489F-BF45-E68E54A233BA}.Release|Any CPU.Build.0 = Release|Any CPU
		{FAA304BE-97EF-489F-BF45-E68E54A233BA}.Release|ARM.ActiveCfg = Release|Any CPU
		{FAA304BE-97EF-489F-BF45-E68E54A233BA}.Release|ARM.Build.0 = Release|Any CPU
		{FAA304BE-97EF-489F-BF45-E68E54A233BA}.Release|x64.ActiveCfg = Release|Any CPU
		{FAA304BE-97EF-489F-BF45-E68E54A233BA}.Release|x64.Build.0 = Release|Any CPU
		{FAA304BE-97EF-489F-BF45-E68E54A233BA}.Release|x86.ActiveCfg = Release|Any CPU
		{FAA304BE-97EF-489F-BF45-E68E54A233BA}.Release|x86.Build.0 = Release|Any CPU
		{4CE6C755-AE5F-4E73-AE6E-B1C4B1DF48EA}.Debug|Any CPU.ActiveCfg = Debug|Any CPU
		{4CE6C755-AE5F-4E73-AE6E-B1C4B1DF48EA}.Debug|Any CPU.Build.0 = Debug|Any CPU
		{4CE6C755-AE5F-4E73-AE6E-B1C4B1DF48EA}.Debug|ARM.ActiveCfg = Debug|Any CPU
		{4CE6C755-AE5F-4E73-AE6E-B1C4B1DF48EA}.Debug|ARM.Build.0 = Debug|Any CPU
		{4CE6C755-AE5F-4E73-AE6E-B1C4B1DF48EA}.Debug|x64.ActiveCfg = Debug|Any CPU
		{4CE6C755-AE5F-4E73-AE6E-B1C4B1DF48EA}.Debug|x64.Build.0 = Debug|Any CPU
		{4CE6C755-AE5F-4E73-AE6E-B1C4B1DF48EA}.Debug|x86.ActiveCfg = Debug|Any CPU
		{4CE6C755-AE5F-4E73-AE6E-B1C4B1DF48EA}.Debug|x86.Build.0 = Debug|Any CPU
		{4CE6C755-AE5F-4E73-AE6E-B1C4B1DF48EA}.Release|Any CPU.ActiveCfg = Release|Any CPU
		{4CE6C755-AE5F-4E73-AE6E-B1C4B1DF48EA}.Release|Any CPU.Build.0 = Release|Any CPU
		{4CE6C755-AE5F-4E73-AE6E-B1C4B1DF48EA}.Release|ARM.ActiveCfg = Release|Any CPU
		{4CE6C755-AE5F-4E73-AE6E-B1C4B1DF48EA}.Release|ARM.Build.0 = Release|Any CPU
		{4CE6C755-AE5F-4E73-AE6E-B1C4B1DF48EA}.Release|x64.ActiveCfg = Release|Any CPU
		{4CE6C755-AE5F-4E73-AE6E-B1C4B1DF48EA}.Release|x64.Build.0 = Release|Any CPU
		{4CE6C755-AE5F-4E73-AE6E-B1C4B1DF48EA}.Release|x86.ActiveCfg = Release|Any CPU
		{4CE6C755-AE5F-4E73-AE6E-B1C4B1DF48EA}.Release|x86.Build.0 = Release|Any CPU
		{5DEE2976-0C7F-4F34-BF58-9B8FD71A57D1}.Debug|Any CPU.ActiveCfg = Debug|Any CPU
		{5DEE2976-0C7F-4F34-BF58-9B8FD71A57D1}.Debug|Any CPU.Build.0 = Debug|Any CPU
		{5DEE2976-0C7F-4F34-BF58-9B8FD71A57D1}.Debug|ARM.ActiveCfg = Debug|Any CPU
		{5DEE2976-0C7F-4F34-BF58-9B8FD71A57D1}.Debug|ARM.Build.0 = Debug|Any CPU
		{5DEE2976-0C7F-4F34-BF58-9B8FD71A57D1}.Debug|x64.ActiveCfg = Debug|Any CPU
		{5DEE2976-0C7F-4F34-BF58-9B8FD71A57D1}.Debug|x64.Build.0 = Debug|Any CPU
		{5DEE2976-0C7F-4F34-BF58-9B8FD71A57D1}.Debug|x86.ActiveCfg = Debug|Any CPU
		{5DEE2976-0C7F-4F34-BF58-9B8FD71A57D1}.Debug|x86.Build.0 = Debug|Any CPU
		{5DEE2976-0C7F-4F34-BF58-9B8FD71A57D1}.Release|Any CPU.ActiveCfg = Release|Any CPU
		{5DEE2976-0C7F-4F34-BF58-9B8FD71A57D1}.Release|Any CPU.Build.0 = Release|Any CPU
		{5DEE2976-0C7F-4F34-BF58-9B8FD71A57D1}.Release|ARM.ActiveCfg = Release|Any CPU
		{5DEE2976-0C7F-4F34-BF58-9B8FD71A57D1}.Release|ARM.Build.0 = Release|Any CPU
		{5DEE2976-0C7F-4F34-BF58-9B8FD71A57D1}.Release|x64.ActiveCfg = Release|Any CPU
		{5DEE2976-0C7F-4F34-BF58-9B8FD71A57D1}.Release|x64.Build.0 = Release|Any CPU
		{5DEE2976-0C7F-4F34-BF58-9B8FD71A57D1}.Release|x86.ActiveCfg = Release|Any CPU
		{5DEE2976-0C7F-4F34-BF58-9B8FD71A57D1}.Release|x86.Build.0 = Release|Any CPU
		{B148B84E-E2A2-4C57-98BA-B2DD10DF4D7F}.Debug|Any CPU.ActiveCfg = Debug|Any CPU
		{B148B84E-E2A2-4C57-98BA-B2DD10DF4D7F}.Debug|Any CPU.Build.0 = Debug|Any CPU
		{B148B84E-E2A2-4C57-98BA-B2DD10DF4D7F}.Debug|ARM.ActiveCfg = Debug|Any CPU
		{B148B84E-E2A2-4C57-98BA-B2DD10DF4D7F}.Debug|ARM.Build.0 = Debug|Any CPU
		{B148B84E-E2A2-4C57-98BA-B2DD10DF4D7F}.Debug|x64.ActiveCfg = Debug|Any CPU
		{B148B84E-E2A2-4C57-98BA-B2DD10DF4D7F}.Debug|x64.Build.0 = Debug|Any CPU
		{B148B84E-E2A2-4C57-98BA-B2DD10DF4D7F}.Debug|x86.ActiveCfg = Debug|Any CPU
		{B148B84E-E2A2-4C57-98BA-B2DD10DF4D7F}.Debug|x86.Build.0 = Debug|Any CPU
		{B148B84E-E2A2-4C57-98BA-B2DD10DF4D7F}.Release|Any CPU.ActiveCfg = Release|Any CPU
		{B148B84E-E2A2-4C57-98BA-B2DD10DF4D7F}.Release|Any CPU.Build.0 = Release|Any CPU
		{B148B84E-E2A2-4C57-98BA-B2DD10DF4D7F}.Release|ARM.ActiveCfg = Release|Any CPU
		{B148B84E-E2A2-4C57-98BA-B2DD10DF4D7F}.Release|ARM.Build.0 = Release|Any CPU
		{B148B84E-E2A2-4C57-98BA-B2DD10DF4D7F}.Release|x64.ActiveCfg = Release|Any CPU
		{B148B84E-E2A2-4C57-98BA-B2DD10DF4D7F}.Release|x64.Build.0 = Release|Any CPU
		{B148B84E-E2A2-4C57-98BA-B2DD10DF4D7F}.Release|x86.ActiveCfg = Release|Any CPU
		{B148B84E-E2A2-4C57-98BA-B2DD10DF4D7F}.Release|x86.Build.0 = Release|Any CPU
		{605B9065-0E5B-45E2-BA1A-F4B076D1613E}.Debug|Any CPU.ActiveCfg = Debug|Any CPU
		{605B9065-0E5B-45E2-BA1A-F4B076D1613E}.Debug|Any CPU.Build.0 = Debug|Any CPU
		{605B9065-0E5B-45E2-BA1A-F4B076D1613E}.Debug|ARM.ActiveCfg = Debug|Any CPU
		{605B9065-0E5B-45E2-BA1A-F4B076D1613E}.Debug|ARM.Build.0 = Debug|Any CPU
		{605B9065-0E5B-45E2-BA1A-F4B076D1613E}.Debug|x64.ActiveCfg = Debug|Any CPU
		{605B9065-0E5B-45E2-BA1A-F4B076D1613E}.Debug|x64.Build.0 = Debug|Any CPU
		{605B9065-0E5B-45E2-BA1A-F4B076D1613E}.Debug|x86.ActiveCfg = Debug|Any CPU
		{605B9065-0E5B-45E2-BA1A-F4B076D1613E}.Debug|x86.Build.0 = Debug|Any CPU
		{605B9065-0E5B-45E2-BA1A-F4B076D1613E}.Release|Any CPU.ActiveCfg = Release|Any CPU
		{605B9065-0E5B-45E2-BA1A-F4B076D1613E}.Release|Any CPU.Build.0 = Release|Any CPU
		{605B9065-0E5B-45E2-BA1A-F4B076D1613E}.Release|ARM.ActiveCfg = Release|Any CPU
		{605B9065-0E5B-45E2-BA1A-F4B076D1613E}.Release|ARM.Build.0 = Release|Any CPU
		{605B9065-0E5B-45E2-BA1A-F4B076D1613E}.Release|x64.ActiveCfg = Release|Any CPU
		{605B9065-0E5B-45E2-BA1A-F4B076D1613E}.Release|x64.Build.0 = Release|Any CPU
		{605B9065-0E5B-45E2-BA1A-F4B076D1613E}.Release|x86.ActiveCfg = Release|Any CPU
		{605B9065-0E5B-45E2-BA1A-F4B076D1613E}.Release|x86.Build.0 = Release|Any CPU
	EndGlobalSection
	GlobalSection(SolutionProperties) = preSolution
		HideSolutionNode = FALSE
	EndGlobalSection
EndGlobal
